
Microsoft Visual Studio Solution File, Format Version 12.00
# Visual Studio 15
VisualStudioVersion = 15.0.26730.3
MinimumVisualStudioVersion = 10.0.40219.1
Project("{FAE04EC0-301F-11D3-BF4B-00C04F79EFBC}") = "WebSocketDemo", "WebSocketDemo\WebSocketDemo.csproj", "{6EC13AE0-7F80-4763-AA31-048C14835C23}"
EndProject
Global
	GlobalSection(SolutionConfigurationPlatforms) = preSolution
		Debug|Any CPU = Debug|Any CPU
		Release|Any CPU = Release|Any CPU
	EndGlobalSection
	GlobalSection(ProjectConfigurationPlatforms) = postSolution
		{6EC13AE0-7F80-4763-AA31-048C14835C23}.Debug|Any CPU.ActiveCfg = Debug|Any CPU
		{6EC13AE0-7F80-4763-AA31-048C14835C23}.Debug|Any CPU.Build.0 = Debug|Any CPU
		{6EC13AE0-7F80-4763-AA31-048C14835C23}.Release|Any CPU.ActiveCfg = Release|Any CPU
		{6EC13AE0-7F80-4763-AA31-048C14835C23}.Release|Any CPU.Build.0 = Release|Any CPU
	EndGlobalSection
	GlobalSection(SolutionProperties) = preSolution
		HideSolutionNode = FALSE
	EndGlobalSection
	GlobalSection(ExtensibilityGlobals) = postSolution
		SolutionGuid = {F48DCC40-42A7-4B35-BA8B-E412E985B9AF}
	EndGlobalSection
EndGlobal
